prepare:
  cmd: python src/prepare.py data/data.xml
  deps:
  - path: data/data.xml
    md5: a304afb96060aad90176268345e10355
  - path: src/prepare.py
    md5: 1a18704abffac804adf2d5c4549f00f7
  outs:
  - path: data/prepared
    md5: 6836f797f3924fb46fcfd6b9f6aa6416.dir
featurize:
  cmd: python src/featurization.py data/prepared data/features
  deps:
  - path: data/prepared
    md5: 6836f797f3924fb46fcfd6b9f6aa6416.dir
  - path: src/featurization.py
    md5: e6d8262e922894e85a959816f9a77ae7
  outs:
  - path: data/features
    md5: 3338d2c21bdb521cda0ba4add89e1cb0.dir
train:
  cmd: python src/train.py data/features model.pkl
  deps:
  - path: data/features
    md5: 3338d2c21bdb521cda0ba4add89e1cb0.dir
  - path: src/train.py
    md5: d05e0201a3fb47c878defea65bd85e4d
  outs:
  - path: model.pkl
    md5: f88410599cd039238471f61973fd830a
evaluate:
  cmd: python src/evaluate.py model.pkl data/features auc.metric
  deps:
  - path: data/features
    md5: 3338d2c21bdb521cda0ba4add89e1cb0.dir
  - path: model.pkl
    md5: f88410599cd039238471f61973fd830a
  - path: src/evaluate.py
    md5: fea9c7bb1242b5e43d682c5d43e7c1d1
  outs:
  - path: auc.metric
    md5: f58e5ccd66bf1195b53f458e7f619ab8
